
Microsoft Visual Studio Solution File, Format Version 12.00
# Visual Studio Version 17
VisualStudioVersion = 17.6.33513.286
MinimumVisualStudioVersion = 10.0.40219.1
Project("{9A19103F-16F7-4668-BE54-9A1E7A4F7556}") = "V3Console", "V3Console.csproj", "{70A19BC9-DBA4-41A7-A5C3-EADCBF9E22A9}"
EndProject
Global
	GlobalSection(SolutionConfigurationPlatforms) = preSolution
		Debug|Any CPU = Debug|Any CPU
		Release|Any CPU = Release|Any CPU
	EndGlobalSection
	GlobalSection(ProjectConfigurationPlatforms) = postSolution
		{70A19BC9-DBA4-41A7-A5C3-EADCBF9E22A9}.Debug|Any CPU.ActiveCfg = Debug|Any CPU
		{70A19BC9-DBA4-41A7-A5C3-EADCBF9E22A9}.Debug|Any CPU.Build.0 = Debug|Any CPU
		{70A19BC9-DBA4-41A7-A5C3-EADCBF9E22A9}.Release|Any CPU.ActiveCfg = Release|Any CPU
		{70A19BC9-DBA4-41A7-A5C3-EADCBF9E22A9}.Release|Any CPU.Build.0 = Release|Any CPU
	EndGlobalSection
	GlobalSection(SolutionProperties) = preSolution
		HideSolutionNode = FALSE
	EndGlobalSection
	GlobalSection(ExtensibilityGlobals) = postSolution
		SolutionGuid = {37B62135-E42C-462D-AF5E-52B63F9D74FD}
	EndGlobalSection
EndGlobal
